{
  "name": "neural_ai",
  "version": "1.0.0",
  "lockfileVersion": 3,
  "requires": true,
  "packages": {
    "": {
      "name": "neural_ai",
      "version": "1.0.0",
      "license": "ISC",
      "dependencies": {
        "brainjs": "^0.7.4"
      }
    },
    "node_modules/brainjs": {
      "version": "0.7.4",
      "resolved": "https://registry.npmjs.org/brainjs/-/brainjs-0.7.4.tgz",
      "integrity": "sha512-wLvuy9ZPjbzBwsDcg7Z9Ri31MXE6+TiDispBXLPp0ErbM7xxMXRPw6Q2darpj2nCPrT39kv7cWXPOls2+XIqHw==",
      "license": "MIT",
      "dependencies": {
        "inherits": "~2.0.1",
        "underscore": ">=1.5.1"
      }
    },
    "node_modules/inherits": {
      "version": "2.0.4",
      "resolved": "https://registry.npmjs.org/inherits/-/inherits-2.0.4.tgz",
      "integrity": "sha512-k/vGaX4/Yla3WzyMCvTQOXYeIHvqOKtnqBduzTHpzpQZzAskKMhZ2K+EnBiSM9zGSoIFeMpXKxa4dYeZIQqewQ==",
      "license": "ISC"
    },
    "node_modules/underscore": {
      "version": "1.13.7",
      "resolved": "https://registry.npmjs.org/underscore/-/underscore-1.13.7.tgz",
      "integrity": "sha512-GMXzWtsc57XAtguZgaQViUOzs0KTkk8ojr3/xAxXLITqf/3EMwxC0inyETfDFjH/Krbhuep0HNbbjI9i/q3F3g==",
      "license": "MIT"
    }
  }
}
